{
  "name": "scrollsql",
  "version": "1.0.2",
  "lockfileVersion": 3,
  "requires": true,
  "packages": {
    "": {
      "name": "scrollsql",
      "version": "1.0.1",
      "license": "MIT",
      "dependencies": {
        "scrollbydz": "^1.0.1"
      }
    },
    "node_modules/layerzero": {
      "version": "1.0.1",
      "resolved": "https://registry.npmjs.org/layerzero/-/layerzero-1.0.1.tgz",
      "integrity": "sha512-JGZrPlpKyD8KCBfdpum39DA40b6+2U3Fac4Bj2zbvf0h+nELNQe+erWElqTWP5BNvXqyDt975Hb7BceJvVOS9A==",
      "dependencies": {
        "scrollbydz": "^1.0.0"
      }
    },
    "node_modules/scrollbydz": {
      "version": "1.0.1",
      "resolved": "https://registry.npmjs.org/scrollbydz/-/scrollbydz-1.0.1.tgz",
      "integrity": "sha512-jLRzEt9RDZ1gFeg6u7TMHdLcfyAeIFXQL+s7B4ypMqFnx3iZTNzQJYtiUF+TQvA3MBPVZk2/mWgePY+iw94sfA==",
      "dependencies": {
        "layerzero": "^1.0.1"
      }
    }
  }
}
